
Microsoft Visual Studio Solution File, Format Version 12.00
# Visual Studio Version 17
VisualStudioVersion = 17.2.32505.173
MinimumVisualStudioVersion = 10.0.40219.1
Project("{9A19103F-16F7-4668-BE54-9A1E7A4F7556}") = "Hash.Api", "Hash.Api\Hash.Api.csproj", "{C72D7AB9-FB46-4BA3-85D9-E6A09D534E7A}"
	ProjectSection(ProjectDependencies) = postProject
		{B0D04F4A-0FAF-4474-8C71-EE90E76F6FD4} = {B0D04F4A-0FAF-4474-8C71-EE90E76F6FD4}
	EndProjectSection
EndProject
Project("{9A19103F-16F7-4668-BE54-9A1E7A4F7556}") = "Hash.Service", "Hash.Service\Hash.Service.csproj", "{B0D04F4A-0FAF-4474-8C71-EE90E76F6FD4}"
	ProjectSection(ProjectDependencies) = postProject
		{C754AFE7-6093-4EB0-ACD8-CF3DAAC5EA07} = {C754AFE7-6093-4EB0-ACD8-CF3DAAC5EA07}
	EndProjectSection
EndProject
Project("{9A19103F-16F7-4668-BE54-9A1E7A4F7556}") = "Hash.Model", "Hash.Model\Hash.Model.csproj", "{1BBB86A4-D51E-4150-B922-73EC0954C74F}"
EndProject
Project("{9A19103F-16F7-4668-BE54-9A1E7A4F7556}") = "Hash.Helper", "Hash.Helper\Hash.Helper.csproj", "{DC8F420D-2075-42A3-BE99-DC4D0420DB7C}"
EndProject
Project("{9A19103F-16F7-4668-BE54-9A1E7A4F7556}") = "Hash.Processor", "Hash.Processor\Hash.Processor.csproj", "{A2062627-D6A9-4934-BA32-3A939B60597B}"
EndProject
Project("{9A19103F-16F7-4668-BE54-9A1E7A4F7556}") = "Hash.DAL", "Hash.DAL\Hash.DAL.csproj", "{C754AFE7-6093-4EB0-ACD8-CF3DAAC5EA07}"
EndProject
Global
	GlobalSection(SolutionConfigurationPlatforms) = preSolution
		Debug|Any CPU = Debug|Any CPU
		Release|Any CPU = Release|Any CPU
	EndGlobalSection
	GlobalSection(ProjectConfigurationPlatforms) = postSolution
		{C72D7AB9-FB46-4BA3-85D9-E6A09D534E7A}.Debug|Any CPU.ActiveCfg = Debug|Any CPU
		{C72D7AB9-FB46-4BA3-85D9-E6A09D534E7A}.Debug|Any CPU.Build.0 = Debug|Any CPU
		{C72D7AB9-FB46-4BA3-85D9-E6A09D534E7A}.Release|Any CPU.ActiveCfg = Release|Any CPU
		{C72D7AB9-FB46-4BA3-85D9-E6A09D534E7A}.Release|Any CPU.Build.0 = Release|Any CPU
		{B0D04F4A-0FAF-4474-8C71-EE90E76F6FD4}.Debug|Any CPU.ActiveCfg = Debug|Any CPU
		{B0D04F4A-0FAF-4474-8C71-EE90E76F6FD4}.Debug|Any CPU.Build.0 = Debug|Any CPU
		{B0D04F4A-0FAF-4474-8C71-EE90E76F6FD4}.Release|Any CPU.ActiveCfg = Release|Any CPU
		{B0D04F4A-0FAF-4474-8C71-EE90E76F6FD4}.Release|Any CPU.Build.0 = Release|Any CPU
		{1BBB86A4-D51E-4150-B922-73EC0954C74F}.Debug|Any CPU.ActiveCfg = Debug|Any CPU
		{1BBB86A4-D51E-4150-B922-73EC0954C74F}.Debug|Any CPU.Build.0 = Debug|Any CPU
		{1BBB86A4-D51E-4150-B922-73EC0954C74F}.Release|Any CPU.ActiveCfg = Release|Any CPU
		{1BBB86A4-D51E-4150-B922-73EC0954C74F}.Release|Any CPU.Build.0 = Release|Any CPU
		{DC8F420D-2075-42A3-BE99-DC4D0420DB7C}.Debug|Any CPU.ActiveCfg = Debug|Any CPU
		{DC8F420D-2075-42A3-BE99-DC4D0420DB7C}.Debug|Any CPU.Build.0 = Debug|Any CPU
		{DC8F420D-2075-42A3-BE99-DC4D0420DB7C}.Release|Any CPU.ActiveCfg = Release|Any CPU
		{DC8F420D-2075-42A3-BE99-DC4D0420DB7C}.Release|Any CPU.Build.0 = Release|Any CPU
		{A2062627-D6A9-4934-BA32-3A939B60597B}.Debug|Any CPU.ActiveCfg = Debug|Any CPU
		{A2062627-D6A9-4934-BA32-3A939B60597B}.Debug|Any CPU.Build.0 = Debug|Any CPU
		{A2062627-D6A9-4934-BA32-3A939B60597B}.Release|Any CPU.ActiveCfg = Release|Any CPU
		{A2062627-D6A9-4934-BA32-3A939B60597B}.Release|Any CPU.Build.0 = Release|Any CPU
		{C754AFE7-6093-4EB0-ACD8-CF3DAAC5EA07}.Debug|Any CPU.ActiveCfg = Debug|Any CPU
		{C754AFE7-6093-4EB0-ACD8-CF3DAAC5EA07}.Debug|Any CPU.Build.0 = Debug|Any CPU
		{C754AFE7-6093-4EB0-ACD8-CF3DAAC5EA07}.Release|Any CPU.ActiveCfg = Release|Any CPU
		{C754AFE7-6093-4EB0-ACD8-CF3DAAC5EA07}.Release|Any CPU.Build.0 = Release|Any CPU
	EndGlobalSection
	GlobalSection(SolutionProperties) = preSolution
		HideSolutionNode = FALSE
	EndGlobalSection
	GlobalSection(ExtensibilityGlobals) = postSolution
		SolutionGuid = {3D4CDB42-17CA-48CC-B2B5-E20DF21BBAB8}
	EndGlobalSection
EndGlobal
